{
  "object": {
    "pins": [
      {
        "package": "TrySwiftPM",
        "repositoryURL": "https://github.com/WataruSuzuki/Try-SwiftPM",
        "state": {
          "branch": null,
          "revision": "8bdfe610b9298eb47e50a07f708b5e5bce96c9b5",
          "version": "0.1.1"
        }
      }
    ]
  },
  "version": 1
}
